
Microsoft Visual Studio Solution File, Format Version 12.00
# Visual Studio Version 16
VisualStudioVersion = 16.0.29613.14
MinimumVisualStudioVersion = 10.0.40219.1
Project("{8BC9CEB8-8B4A-11D0-8D11-00A0C91BC942}") = "SimpleApp", "SimpleApp\SimpleApp.vcxproj", "{F234F726-6A4E-4F6B-8E8F-053834672372}"
	ProjectSection(ProjectDependencies) = postProject
		{E9536ECF-AA1C-4E79-8504-D23DC656453C} = {E9536ECF-AA1C-4E79-8504-D23DC656453C}
	EndProjectSection
EndProject
Project("{8BC9CEB8-8B4A-11D0-8D11-00A0C91BC942}") = "MyApp", "MyApp\MyApp.vcxproj", "{E9536ECF-AA1C-4E79-8504-D23DC656453C}"
EndProject
Project("{2150E333-8FDC-42A3-9474-1A3956D46DE8}") = "Solution Items", "Solution Items", "{2E4412A6-C48C-4696-AAC9-55A20A62B949}"
	ProjectSection(SolutionItems) = preProject
		solution.props = solution.props
	EndProjectSection
EndProject
Project("{8BC9CEB8-8B4A-11D0-8D11-00A0C91BC942}") = "Win32DesktopApp", "Win32DesktopApp\Win32DesktopApp.vcxproj", "{EAF23649-EF6E-478B-980E-81FAD96CCA2A}"
EndProject
Global
	GlobalSection(SolutionConfigurationPlatforms) = preSolution
		Debug|ARM = Debug|ARM
		Debug|x64 = Debug|x64
		Debug|x86 = Debug|x86
		Release|ARM = Release|ARM
		Release|x64 = Release|x64
		Release|x86 = Release|x86
	EndGlobalSection
	GlobalSection(ProjectConfigurationPlatforms) = postSolution
		{F234F726-6A4E-4F6B-8E8F-053834672372}.Debug|ARM.ActiveCfg = Debug|Win32
		{F234F726-6A4E-4F6B-8E8F-053834672372}.Debug|x64.ActiveCfg = Debug|x64
		{F234F726-6A4E-4F6B-8E8F-053834672372}.Debug|x64.Build.0 = Debug|x64
		{F234F726-6A4E-4F6B-8E8F-053834672372}.Debug|x86.ActiveCfg = Debug|Win32
		{F234F726-6A4E-4F6B-8E8F-053834672372}.Debug|x86.Build.0 = Debug|Win32
		{F234F726-6A4E-4F6B-8E8F-053834672372}.Release|ARM.ActiveCfg = Release|Win32
		{F234F726-6A4E-4F6B-8E8F-053834672372}.Release|x64.ActiveCfg = Release|x64
		{F234F726-6A4E-4F6B-8E8F-053834672372}.Release|x64.Build.0 = Release|x64
		{F234F726-6A4E-4F6B-8E8F-053834672372}.Release|x86.ActiveCfg = Release|Win32
		{F234F726-6A4E-4F6B-8E8F-053834672372}.Release|x86.Build.0 = Release|Win32
		{E9536ECF-AA1C-4E79-8504-D23DC656453C}.Debug|ARM.ActiveCfg = Debug|ARM
		{E9536ECF-AA1C-4E79-8504-D23DC656453C}.Debug|ARM.Build.0 = Debug|ARM
		{E9536ECF-AA1C-4E79-8504-D23DC656453C}.Debug|ARM.Deploy.0 = Debug|ARM
		{E9536ECF-AA1C-4E79-8504-D23DC656453C}.Debug|x64.ActiveCfg = Debug|x64
		{E9536ECF-AA1C-4E79-8504-D23DC656453C}.Debug|x64.Build.0 = Debug|x64
		{E9536ECF-AA1C-4E79-8504-D23DC656453C}.Debug|x64.Deploy.0 = Debug|x64
		{E9536ECF-AA1C-4E79-8504-D23DC656453C}.Debug|x86.ActiveCfg = Debug|Win32
		{E9536ECF-AA1C-4E79-8504-D23DC656453C}.Debug|x86.Build.0 = Debug|Win32
		{E9536ECF-AA1C-4E79-8504-D23DC656453C}.Debug|x86.Deploy.0 = Debug|Win32
		{E9536ECF-AA1C-4E79-8504-D23DC656453C}.Release|ARM.ActiveCfg = Release|ARM
		{E9536ECF-AA1C-4E79-8504-D23DC656453C}.Release|ARM.Build.0 = Release|ARM
		{E9536ECF-AA1C-4E79-8504-D23DC656453C}.Release|ARM.Deploy.0 = Release|ARM
		{E9536ECF-AA1C-4E79-8504-D23DC656453C}.Release|x64.ActiveCfg = Release|x64
		{E9536ECF-AA1C-4E79-8504-D23DC656453C}.Release|x64.Build.0 = Release|x64
		{E9536ECF-AA1C-4E79-8504-D23DC656453C}.Release|x64.Deploy.0 = Release|x64
		{E9536ECF-AA1C-4E79-8504-D23DC656453C}.Release|x86.ActiveCfg = Release|Win32
		{E9536ECF-AA1C-4E79-8504-D23DC656453C}.Release|x86.Build.0 = Release|Win32
		{E9536ECF-AA1C-4E79-8504-D23DC656453C}.Release|x86.Deploy.0 = Release|Win32
		{EAF23649-EF6E-478B-980E-81FAD96CCA2A}.Debug|ARM.ActiveCfg = Debug|Win32
		{EAF23649-EF6E-478B-980E-81FAD96CCA2A}.Debug|x64.ActiveCfg = Debug|x64
		{EAF23649-EF6E-478B-980E-81FAD96CCA2A}.Debug|x64.Build.0 = Debug|x64
		{EAF23649-EF6E-478B-980E-81FAD96CCA2A}.Debug|x86.ActiveCfg = Debug|Win32
		{EAF23649-EF6E-478B-980E-81FAD96CCA2A}.Debug|x86.Build.0 = Debug|Win32
		{EAF23649-EF6E-478B-980E-81FAD96CCA2A}.Release|ARM.ActiveCfg = Release|Win32
		{EAF23649-EF6E-478B-980E-81FAD96CCA2A}.Release|x64.ActiveCfg = Release|x64
		{EAF23649-EF6E-478B-980E-81FAD96CCA2A}.Release|x64.Build.0 = Release|x64
		{EAF23649-EF6E-478B-980E-81FAD96CCA2A}.Release|x86.ActiveCfg = Release|Win32
		{EAF23649-EF6E-478B-980E-81FAD96CCA2A}.Release|x86.Build.0 = Release|Win32
	EndGlobalSection
	GlobalSection(SolutionProperties) = preSolution
		HideSolutionNode = FALSE
	EndGlobalSection
	GlobalSection(ExtensibilityGlobals) = postSolution
		SolutionGuid = {A1217134-EC44-42D6-901B-D910F8F285F9}
	EndGlobalSection
EndGlobal
